
Microsoft Visual Studio Solution File, Format Version 12.00
# Visual Studio Version 17
VisualStudioVersion = 17.3.32819.101
MinimumVisualStudioVersion = 10.0.40219.1
Project("{FAE04EC0-301F-11D3-BF4B-00C04F79EFBC}") = "FastChat", "FastChat\FastChat.csproj", "{69B221B1-C862-4CFB-8F38-60E161768613}"
EndProject
Global
	GlobalSection(SolutionConfigurationPlatforms) = preSolution
		Debug|Any CPU = Debug|Any CPU
		Release|Any CPU = Release|Any CPU
	EndGlobalSection
	GlobalSection(ProjectConfigurationPlatforms) = postSolution
		{69B221B1-C862-4CFB-8F38-60E161768613}.Debug|Any CPU.ActiveCfg = Debug|Any CPU
		{69B221B1-C862-4CFB-8F38-60E161768613}.Debug|Any CPU.Build.0 = Debug|Any CPU
		{69B221B1-C862-4CFB-8F38-60E161768613}.Release|Any CPU.ActiveCfg = Release|Any CPU
		{69B221B1-C862-4CFB-8F38-60E161768613}.Release|Any CPU.Build.0 = Release|Any CPU
	EndGlobalSection
	GlobalSection(SolutionProperties) = preSolution
		HideSolutionNode = FALSE
	EndGlobalSection
	GlobalSection(ExtensibilityGlobals) = postSolution
		SolutionGuid = {D58D6B7D-CF8B-4C49-B56C-BAFAA92BAA4E}
	EndGlobalSection
EndGlobal
